github.com/YapealAG/wsdl2go v0.0.0-20200330210236-5100b2dfdf81 h1:Yp3zPAuB8FhkSHC1iczBQ7jNVx/pCwJjjgbLdtwU74c=
github.com/YapealAG/wsdl2go v0.0.0-20200330210236-5100b2dfdf81/go.mod h1:nRPaNKt6Eq4QezSnmlgl2Gq34wGBZCyjTiTVZdwnU3w=
github.com/fiorix/wsdl2go v1.4.7 h1:H3FU2fNpVh4MzTiIbGw3rnlzVYkBDJJQBsG2XVfMSMA=
github.com/fiorix/wsdl2go v1.4.7/go.mod h1:5aVoGQHyBMuQfxSRfTa6rqAl/2yQK/Sma6vRvLLYAfI=
golang.org/x/net v0.30.0 h1:AcW1SDZMkb8IpzCdQUaIq2sP4sZ4zw+55h6ynffypl4=
golang.org/x/net v0.30.0/go.mod h1:2wGyMJ5iFasEhkwi13ChkO/t1ECNC4X4eBKkVFyYFlU=
golang.org/x/text v0.19.0 h1:kTxAhCbGbxhK0IwgSKiMO5awPoDQ0RpfiVYBfK860YM=
golang.org/x/text v0.19.0/go.mod h1:BuEKDfySbSR4drPmRPG/7iBdf8hvFMuRexcpahXilzY=
